github.com/tinywasm/binary v0.5.15 h1:+MtYz3Oe8ldlDG2UvDmpH4dfswlwWRsoWbwBTPSFMcE=
github.com/tinywasm/binary v0.5.15/go.mod h1:/y1JvikTTfBbnoW/kX0djyFP81KyS46AiwrljmnuR7s=
github.com/tinywasm/fmt v0.24.5-0.20260623154531-ab6aa6c42456 h1:udtDwM8yEIdSL++8Flsl6ynQAxBKdlY26dx5YLiVP6U=
github.com/tinywasm/fmt v0.24.5-0.20260623154531-ab6aa6c42456/go.mod h1:L2GCAi6asgytPV6TVvGrRq5Ml+DkUt1Ijo5i/2J1jOY=
