github.com/tinywasm/binary v0.5.13 h1:3E3oPzZUABtYz9GJhngkYGWiN8aUSNrRT/g9LRqwt4A=
github.com/tinywasm/binary v0.5.13/go.mod h1:qBNVuXs+iUV/wVx900InKo8WpVtv58j1laz1jdh2kS0=
github.com/tinywasm/fmt v0.24.2 h1:HLPgZW9CBkoIBwnkorvG2/3G52CRZ3Eq0Y1XbITV8sI=
github.com/tinywasm/fmt v0.24.2/go.mod h1:L2GCAi6asgytPV6TVvGrRq5Ml+DkUt1Ijo5i/2J1jOY=
